{
  "name": "ww3-conflict-of-nations-desktop",
  "version": "1.0.0",
  "lockfileVersion": 3,
  "requires": true,
  "packages": {
    "": {
      "name": "ww3-conflict-of-nations-desktop",
      "version": "1.0.0",
      "license": "MIT",
      "devDependencies": {
        "electron": "^35.1.5",
        "electron-builder": "^24.13.3"
      }
    }
  }
}
